{
  "name": "sub-b",
  "version": "1.0.0",
  "lockfileVersion": 1,
  "requires": true,
  "dependencies": {
    "@types/node": {
      "version": "16.10.1",
      "resolved": "https://registry.npmjs.org/@types/node/-/node-16.10.1.tgz",
      "integrity": "sha512-4/Z9DMPKFexZj/Gn3LylFgamNKHm4K3QDi0gz9B26Uk0c8izYf97B5fxfpspMNkWlFupblKM/nV8+NA9Ffvr+w==",
      "dev": true
    },
    "core-js": {
      "version": "3.13.1",
      "resolved": "https://registry.npmjs.org/core-js/-/core-js-3.13.1.tgz",
      "integrity": "sha512-JqveUc4igkqwStL2RTRn/EPFGBOfEZHxJl/8ej1mXJR75V3go2mFF4bmUYkEIT1rveHKnkUlcJX/c+f1TyIovQ=="
    }
  }
}
