{
  "name": "sub-b",
  "version": "1.0.0",
  "lockfileVersion": 1,
  "requires": true,
  "dependencies": {
    "@types/node": {
      "version": "14.17.2",
      "resolved": "https://registry.npmjs.org/@types/node/-/node-14.17.2.tgz",
      "integrity": "sha512-sld7b/xmFum66AAKuz/rp/CUO8+98fMpyQ3SBfzzBNGMd/1iHBTAg9oyAvcYlAj46bpc74r91jSw2iFdnx29nw==",
      "dev": true
    },
    "core-js": {
      "version": "3.16.3",
      "resolved": "https://registry.npmjs.org/core-js/-/core-js-3.16.3.tgz",
      "integrity": "sha512-lM3GftxzHNtPNUJg0v4pC2RC6puwMd6VZA7vXUczi+SKmCWSf4JwO89VJGMqbzmB7jlK7B5hr3S64PqwFL49cA=="
    }
  }
}
