{
  "name": "sub-b",
  "version": "1.0.0",
  "lockfileVersion": 1,
  "requires": true,
  "dependencies": {
    "@types/node": {
      "version": "16.7.8",
      "resolved": "https://registry.npmjs.org/@types/node/-/node-16.7.8.tgz",
      "integrity": "sha512-8upnoQU0OPzbIkm+ZMM0zCeFCkw2s3mS0IWdx0+AAaWqm4fkBb0UJp8Edl7FVKRamYbpJC/aVsHpKWBIbiC7Zg==",
      "dev": true
    },
    "core-js": {
      "version": "3.13.1",
      "resolved": "https://registry.npmjs.org/core-js/-/core-js-3.13.1.tgz",
      "integrity": "sha512-JqveUc4igkqwStL2RTRn/EPFGBOfEZHxJl/8ej1mXJR75V3go2mFF4bmUYkEIT1rveHKnkUlcJX/c+f1TyIovQ=="
    }
  }
}
